{
  "name": "livelink.js",
  "version": "1.0.0",
  "lockfileVersion": 3,
  "requires": true,
  "packages": {
    "": {
      "name": "livelink.js",
      "version": "1.0.0",
      "license": "ISC",
      "devDependencies": {
        "livelink.core": "file:../livelink.core"
      }
    },
    "../livelink.core": {
      "version": "1.0.0",
      "dev": true,
      "license": "ISC",
      "devDependencies": {
        "esbuild": "^0.20.1",
        "typescript": "^5.3.3"
      }
    },
    "node_modules/livelink.core": {
      "resolved": "../livelink.core",
      "link": true
    }
  }
}
